{
    "name": "schoolsquirrel-scripts",
    "version": "1.0.0",
    "lockfileVersion": 1,
    "requires": true,
    "dependencies": {
        "@apidevtools/json-schema-ref-parser": {
            "version": "8.0.0",
            "resolved": "https://registry.npmjs.org/@apidevtools/json-schema-ref-parser/-/json-schema-ref-parser-8.0.0.tgz",
            "integrity": "sha512-n4YBtwQhdpLto1BaUCyAeflizmIbaloGShsPyRtFf5qdFJxfssj+GgLavczgKJFa3Bq+3St2CKcpRJdjtB4EBw==",
            "requires": {
                "@jsdevtools/ono": "^7.1.0",
                "call-me-maybe": "^1.0.1",
                "js-yaml": "^3.13.1"
            }
        },
        "@apidevtools/openapi-schemas": {
            "version": "2.0.4",
            "resolved": "https://registry.npmjs.org/@apidevtools/openapi-schemas/-/openapi-schemas-2.0.4.tgz",
            "integrity": "sha512-ob5c4UiaMYkb24pNhvfSABShAwpREvUGCkqjiz/BX9gKZ32y/S22M+ALIHftTAuv9KsFVSpVdIDzi9ZzFh5TCA=="
        },
        "@apidevtools/swagger-methods": {
            "version": "3.0.2",
            "resolved": "https://registry.npmjs.org/@apidevtools/swagger-methods/-/swagger-methods-3.0.2.tgz",
            "integrity": "sha512-QAkD5kK2b1WfjDS/UQn/qQkbwF31uqRjPTrsCs5ZG9BQGAkjwvqGFjjPqAuzac/IYzpPtRzjCP1WrTuAIjMrXg=="
        },
        "@apidevtools/swagger-parser": {
            "version": "9.0.1",
            "resolved": "https://registry.npmjs.org/@apidevtools/swagger-parser/-/swagger-parser-9.0.1.tgz",
            "integrity": "sha512-Irqybg4dQrcHhZcxJc/UM4vO7Ksoj1Id5e+K94XUOzllqX1n47HEA50EKiXTCQbykxuJ4cYGIivjx/MRSTC5OA==",
            "requires": {
                "@apidevtools/json-schema-ref-parser": "^8.0.0",
                "@apidevtools/openapi-schemas": "^2.0.2",
                "@apidevtools/swagger-methods": "^3.0.0",
                "@jsdevtools/ono": "^7.1.0",
                "call-me-maybe": "^1.0.1",
                "openapi-types": "^1.3.5",
                "z-schema": "^4.2.2"
            }
        },
        "@jsdevtools/ono": {
            "version": "7.1.3",
            "resolved": "https://registry.npmjs.org/@jsdevtools/ono/-/ono-7.1.3.tgz",
            "integrity": "sha512-4JQNk+3mVzK3xh2rqd6RB4J46qUR19azEHBneZyTZM+c456qOrbbM/5xcR8huNCCcbVt7+UmizG6GuUvPvKUYg=="
        },
        "@types/glob": {
            "version": "7.1.3",
            "resolved": "https://registry.npmjs.org/@types/glob/-/glob-7.1.3.tgz",
            "integrity": "sha512-SEYeGAIQIQX8NN6LDKprLjbrd5dARM5EXsd8GI/A5l0apYI1fGMWgPHSe4ZKL4eozlAyI+doUE9XbYS4xCkQ1w==",
            "dev": true,
            "requires": {
                "@types/minimatch": "*",
                "@types/node": "*"
            }
        },
        "@types/minimatch": {
            "version": "3.0.3",
            "resolved": "https://registry.npmjs.org/@types/minimatch/-/minimatch-3.0.3.tgz",
            "integrity": "sha512-tHq6qdbT9U1IRSGf14CL0pUlULksvY9OZ+5eEgl1N7t+OA3tGvNpxJCzuKQlsNgCVwbAs670L1vcVQi8j9HjnA==",
            "dev": true
        },
        "@types/node": {
            "version": "14.6.2",
            "resolved": "https://registry.npmjs.org/@types/node/-/node-14.6.2.tgz",
            "integrity": "sha512-onlIwbaeqvZyniGPfdw/TEhKIh79pz66L1q06WUQqJLnAb6wbjvOtepLYTGHTqzdXgBYIE3ZdmqHDGsRsbBz7A==",
            "dev": true
        },
        "@types/swagger-jsdoc": {
            "version": "3.0.2",
            "resolved": "https://registry.npmjs.org/@types/swagger-jsdoc/-/swagger-jsdoc-3.0.2.tgz",
            "integrity": "sha512-FALs3SRXPbRpHG4npnefsk+iUHVHOXRnj6g3Z+DlbwAXGB/t+DoLPHdp2VnchV00rJ016DgcV/nShDYkxgHT0Q==",
            "dev": true
        },
        "arg": {
            "version": "4.1.3",
            "resolved": "https://registry.npmjs.org/arg/-/arg-4.1.3.tgz",
            "integrity": "sha512-58S9QDqG0Xx27YwPSt9fJxivjYl432YCwfDMfZ+71RAqUrZef7LrKQZ3LHLOwCS4FLNBplP533Zx895SeOCHvA==",
            "dev": true
        },
        "argparse": {
            "version": "1.0.10",
            "resolved": "https://registry.npmjs.org/argparse/-/argparse-1.0.10.tgz",
            "integrity": "sha512-o5Roy6tNG4SL/FOkCAN6RzjiakZS25RLYFrcMttJqbdd8BWrnA+fGz57iN5Pb06pvBGvl5gQ0B48dJlslXvoTg==",
            "requires": {
                "sprintf-js": "~1.0.2"
            }
        },
        "balanced-match": {
            "version": "1.0.0",
            "resolved": "https://registry.npmjs.org/balanced-match/-/balanced-match-1.0.0.tgz",
            "integrity": "sha1-ibTRmasr7kneFk6gK4nORi1xt2c="
        },
        "brace-expansion": {
            "version": "1.1.11",
            "resolved": "https://registry.npmjs.org/brace-expansion/-/brace-expansion-1.1.11.tgz",
            "integrity": "sha512-iCuPHDFgrHX7H2vEI/5xpz07zSHB00TpugqhmYtVmMO6518mCuRMoOYFldEBl0g187ufozdaHgWKcYFb61qGiA==",
            "requires": {
                "balanced-match": "^1.0.0",
                "concat-map": "0.0.1"
            }
        },
        "buffer-from": {
            "version": "1.1.1",
            "resolved": "https://registry.npmjs.org/buffer-from/-/buffer-from-1.1.1.tgz",
            "integrity": "sha512-MQcXEUbCKtEo7bhqEs6560Hyd4XaovZlO/k9V3hjVUF/zwW7KBVdSK4gIt/bzwS9MbR5qob+F5jusZsb0YQK2A==",
            "dev": true
        },
        "call-me-maybe": {
            "version": "1.0.1",
            "resolved": "https://registry.npmjs.org/call-me-maybe/-/call-me-maybe-1.0.1.tgz",
            "integrity": "sha1-JtII6onje1y95gJQoV8DHBak1ms="
        },
        "commander": {
            "version": "5.0.0",
            "resolved": "https://registry.npmjs.org/commander/-/commander-5.0.0.tgz",
            "integrity": "sha512-JrDGPAKjMGSP1G0DUoaceEJ3DZgAfr/q6X7FVk4+U5KxUSKviYGM2k6zWkfyyBHy5rAtzgYJFa1ro2O9PtoxwQ=="
        },
        "concat-map": {
            "version": "0.0.1",
            "resolved": "https://registry.npmjs.org/concat-map/-/concat-map-0.0.1.tgz",
            "integrity": "sha1-2Klr13/Wjfd5OnMDajug1UBdR3s="
        },
        "diff": {
            "version": "4.0.2",
            "resolved": "https://registry.npmjs.org/diff/-/diff-4.0.2.tgz",
            "integrity": "sha512-58lmxKSA4BNyLz+HHMUzlOEpg09FV+ev6ZMe3vJihgdxzgcwZ8VoEEPmALCZG9LmqfVoNMMKpttIYTVG6uDY7A==",
            "dev": true
        },
        "doctrine": {
            "version": "3.0.0",
            "resolved": "https://registry.npmjs.org/doctrine/-/doctrine-3.0.0.tgz",
            "integrity": "sha512-yS+Q5i3hBf7GBkd4KG8a7eBNNWNGLTaEwwYWUijIYM7zrlYDM0BFXHjjPWlWZ1Rg7UaddZeIDmi9jF3HmqiQ2w==",
            "requires": {
                "esutils": "^2.0.2"
            }
        },
        "esprima": {
            "version": "4.0.1",
            "resolved": "https://registry.npmjs.org/esprima/-/esprima-4.0.1.tgz",
            "integrity": "sha512-eGuFFw7Upda+g4p+QHvnW0RyTX/SVeJBDM/gCtMARO0cLuT2HcEKnTPvhjV6aGeqrCB/sbNop0Kszm0jsaWU4A=="
        },
        "esutils": {
            "version": "2.0.3",
            "resolved": "https://registry.npmjs.org/esutils/-/esutils-2.0.3.tgz",
            "integrity": "sha512-kVscqXk4OCp68SZ0dkgEKVi6/8ij300KBWTJq32P/dYeWTSwK41WyTxalN1eRmA5Z9UU/LX9D7FWSmV9SAYx6g=="
        },
        "fs.realpath": {
            "version": "1.0.0",
            "resolved": "https://registry.npmjs.org/fs.realpath/-/fs.realpath-1.0.0.tgz",
            "integrity": "sha1-FQStJSMVjKpA20onh8sBQRmU6k8="
        },
        "glob": {
            "version": "7.1.6",
            "resolved": "https://registry.npmjs.org/glob/-/glob-7.1.6.tgz",
            "integrity": "sha512-LwaxwyZ72Lk7vZINtNNrywX0ZuLyStrdDtabefZKAY5ZGJhVtgdznluResxNmPitE0SAO+O26sWTHeKSI2wMBA==",
            "requires": {
                "fs.realpath": "^1.0.0",
                "inflight": "^1.0.4",
                "inherits": "2",
                "minimatch": "^3.0.4",
                "once": "^1.3.0",
                "path-is-absolute": "^1.0.0"
            }
        },
        "inflight": {
            "version": "1.0.6",
            "resolved": "https://registry.npmjs.org/inflight/-/inflight-1.0.6.tgz",
            "integrity": "sha1-Sb1jMdfQLQwJvJEKEHW6gWW1bfk=",
            "requires": {
                "once": "^1.3.0",
                "wrappy": "1"
            }
        },
        "inherits": {
            "version": "2.0.4",
            "resolved": "https://registry.npmjs.org/inherits/-/inherits-2.0.4.tgz",
            "integrity": "sha512-k/vGaX4/Yla3WzyMCvTQOXYeIHvqOKtnqBduzTHpzpQZzAskKMhZ2K+EnBiSM9zGSoIFeMpXKxa4dYeZIQqewQ=="
        },
        "js-yaml": {
            "version": "3.13.1",
            "resolved": "https://registry.npmjs.org/js-yaml/-/js-yaml-3.13.1.tgz",
            "integrity": "sha512-YfbcO7jXDdyj0DGxYVSlSeQNHbD7XPWvrVWeVUujrQEoZzWJIRrCPoyk6kL6IAjAG2IolMK4T0hNUe0HOUs5Jw==",
            "requires": {
                "argparse": "^1.0.7",
                "esprima": "^4.0.0"
            }
        },
        "lodash.get": {
            "version": "4.4.2",
            "resolved": "https://registry.npmjs.org/lodash.get/-/lodash.get-4.4.2.tgz",
            "integrity": "sha1-LRd/ZS+jHpObRDjVNBSZ36OCXpk="
        },
        "lodash.isequal": {
            "version": "4.5.0",
            "resolved": "https://registry.npmjs.org/lodash.isequal/-/lodash.isequal-4.5.0.tgz",
            "integrity": "sha1-QVxEePK8wwEgwizhDtMib30+GOA="
        },
        "make-error": {
            "version": "1.3.6",
            "resolved": "https://registry.npmjs.org/make-error/-/make-error-1.3.6.tgz",
            "integrity": "sha512-s8UhlNe7vPKomQhC1qFelMokr/Sc3AgNbso3n74mVPA5LTZwkB9NlXf4XPamLxJE8h0gh73rM94xvwRT2CVInw==",
            "dev": true
        },
        "minimatch": {
            "version": "3.0.4",
            "resolved": "https://registry.npmjs.org/minimatch/-/minimatch-3.0.4.tgz",
            "integrity": "sha512-yJHVQEhyqPLUTgt9B83PXu6W3rx4MvvHvSUvToogpwoGDOUQ+yDrR0HRot+yOCdCO7u4hX3pWft6kWBBcqh0UA==",
            "requires": {
                "brace-expansion": "^1.1.7"
            }
        },
        "once": {
            "version": "1.4.0",
            "resolved": "https://registry.npmjs.org/once/-/once-1.4.0.tgz",
            "integrity": "sha1-WDsap3WWHUsROsF9nFC6753Xa9E=",
            "requires": {
                "wrappy": "1"
            }
        },
        "openapi-types": {
            "version": "1.3.5",
            "resolved": "https://registry.npmjs.org/openapi-types/-/openapi-types-1.3.5.tgz",
            "integrity": "sha512-11oi4zYorsgvg5yBarZplAqbpev5HkuVNPlZaPTknPDzAynq+lnJdXAmruGWP0s+dNYZS7bjM+xrTpJw7184Fg=="
        },
        "path-is-absolute": {
            "version": "1.0.1",
            "resolved": "https://registry.npmjs.org/path-is-absolute/-/path-is-absolute-1.0.1.tgz",
            "integrity": "sha1-F0uSaHNVNP+8es5r9TpanhtcX18="
        },
        "source-map": {
            "version": "0.6.1",
            "resolved": "https://registry.npmjs.org/source-map/-/source-map-0.6.1.tgz",
            "integrity": "sha512-UjgapumWlbMhkBgzT7Ykc5YXUT46F0iKu8SGXq0bcwP5dz/h0Plj6enJqjz1Zbq2l5WaqYnrVbwWOWMyF3F47g==",
            "dev": true
        },
        "source-map-support": {
            "version": "0.5.19",
            "resolved": "https://registry.npmjs.org/source-map-support/-/source-map-support-0.5.19.tgz",
            "integrity": "sha512-Wonm7zOCIJzBGQdB+thsPar0kYuCIzYvxZwlBa87yi/Mdjv7Tip2cyVbLj5o0cFPN4EVkuTwb3GDDyUx2DGnGw==",
            "dev": true,
            "requires": {
                "buffer-from": "^1.0.0",
                "source-map": "^0.6.0"
            }
        },
        "sprintf-js": {
            "version": "1.0.3",
            "resolved": "https://registry.npmjs.org/sprintf-js/-/sprintf-js-1.0.3.tgz",
            "integrity": "sha1-BOaSb2YolTVPPdAVIDYzuFcpfiw="
        },
        "swagger-jsdoc": {
            "version": "4.0.0",
            "resolved": "https://registry.npmjs.org/swagger-jsdoc/-/swagger-jsdoc-4.0.0.tgz",
            "integrity": "sha512-wHrmRvE/OQa3d387YIrRNPvsPwxkJc0tAYeCVa359gUIKPjC4ReduFhqq/+4erLUS79kY1T5Fv0hE0SV/PgBig==",
            "requires": {
                "commander": "5.0.0",
                "doctrine": "3.0.0",
                "glob": "7.1.6",
                "js-yaml": "3.13.1",
                "swagger-parser": "9.0.1"
            }
        },
        "swagger-parser": {
            "version": "9.0.1",
            "resolved": "https://registry.npmjs.org/swagger-parser/-/swagger-parser-9.0.1.tgz",
            "integrity": "sha512-oxOHUaeNetO9ChhTJm2fD+48DbGbLD09ZEOwPOWEqcW8J6zmjWxutXtSuOiXsoRgDWvORYlImbwM21Pn+EiuvQ==",
            "requires": {
                "@apidevtools/swagger-parser": "9.0.1"
            }
        },
        "ts-node": {
            "version": "9.0.0",
            "resolved": "https://registry.npmjs.org/ts-node/-/ts-node-9.0.0.tgz",
            "integrity": "sha512-/TqB4SnererCDR/vb4S/QvSZvzQMJN8daAslg7MeaiHvD8rDZsSfXmNeNumyZZzMned72Xoq/isQljYSt8Ynfg==",
            "dev": true,
            "requires": {
                "arg": "^4.1.0",
                "diff": "^4.0.1",
                "make-error": "^1.1.1",
                "source-map-support": "^0.5.17",
                "yn": "3.1.1"
            }
        },
        "typescript": {
            "version": "4.0.2",
            "resolved": "https://registry.npmjs.org/typescript/-/typescript-4.0.2.tgz",
            "integrity": "sha512-e4ERvRV2wb+rRZ/IQeb3jm2VxBsirQLpQhdxplZ2MEzGvDkkMmPglecnNDfSUBivMjP93vRbngYYDQqQ/78bcQ==",
            "dev": true
        },
        "validator": {
            "version": "12.2.0",
            "resolved": "https://registry.npmjs.org/validator/-/validator-12.2.0.tgz",
            "integrity": "sha512-jJfE/DW6tIK1Ek8nCfNFqt8Wb3nzMoAbocBF6/Icgg1ZFSBpObdnwVY2jQj6qUqzhx5jc71fpvBWyLGO7Xl+nQ=="
        },
        "wrappy": {
            "version": "1.0.2",
            "resolved": "https://registry.npmjs.org/wrappy/-/wrappy-1.0.2.tgz",
            "integrity": "sha1-tSQ9jz7BqjXxNkYFvA0QNuMKtp8="
        },
        "yn": {
            "version": "3.1.1",
            "resolved": "https://registry.npmjs.org/yn/-/yn-3.1.1.tgz",
            "integrity": "sha512-Ux4ygGWsu2c7isFWe8Yu1YluJmqVhxqK2cLXNQA5AcC3QfbGNpM7fu0Y8b/z16pXLnFxZYvWhd3fhBY9DLmC6Q==",
            "dev": true
        },
        "z-schema": {
            "version": "4.2.3",
            "resolved": "https://registry.npmjs.org/z-schema/-/z-schema-4.2.3.tgz",
            "integrity": "sha512-zkvK/9TC6p38IwcrbnT3ul9in1UX4cm1y/VZSs4GHKIiDCrlafc+YQBgQBUdDXLAoZHf2qvQ7gJJOo6yT1LH6A==",
            "requires": {
                "commander": "^2.7.1",
                "lodash.get": "^4.4.2",
                "lodash.isequal": "^4.5.0",
                "validator": "^12.0.0"
            },
            "dependencies": {
                "commander": {
                    "version": "2.20.3",
                    "resolved": "https://registry.npmjs.org/commander/-/commander-2.20.3.tgz",
                    "integrity": "sha512-GpVkmM8vF2vQUkj2LvZmD35JxeJOLCwJ9cUkugyk2nuhbv3+mJvpLYYt+0+USMxE+oj+ey/lJEnhZw75x/OMcQ==",
                    "optional": true
                }
            }
        }
    }
}
